
Microsoft Visual Studio Solution File, Format Version 12.00
# Visual Studio Version 17
VisualStudioVersion = 17.2.32630.192
MinimumVisualStudioVersion = 10.0.40219.1
Project("{8BC9CEB8-8B4A-11D0-8D11-00A0C91BC942}") = "Hm", "Hm\Hm.vcxproj", "{33E51F5F-673E-4FCD-B7B8-EEAF574C2BCB}"
EndProject
Global
	GlobalSection(SolutionConfigurationPlatforms) = preSolution
		Debug|x64 = Debug|x64
		Debug|x86 = Debug|x86
		Release|x64 = Release|x64
		Release|x86 = Release|x86
	EndGlobalSection
	GlobalSection(ProjectConfigurationPlatforms) = postSolution
		{33E51F5F-673E-4FCD-B7B8-EEAF574C2BCB}.Debug|x64.ActiveCfg = Debug|x64
		{33E51F5F-673E-4FCD-B7B8-EEAF574C2BCB}.Debug|x64.Build.0 = Debug|x64
		{33E51F5F-673E-4FCD-B7B8-EEAF574C2BCB}.Debug|x86.ActiveCfg = Debug|Win32
		{33E51F5F-673E-4FCD-B7B8-EEAF574C2BCB}.Debug|x86.Build.0 = Debug|Win32
		{33E51F5F-673E-4FCD-B7B8-EEAF574C2BCB}.Release|x64.ActiveCfg = Release|x64
		{33E51F5F-673E-4FCD-B7B8-EEAF574C2BCB}.Release|x64.Build.0 = Release|x64
		{33E51F5F-673E-4FCD-B7B8-EEAF574C2BCB}.Release|x86.ActiveCfg = Release|Win32
		{33E51F5F-673E-4FCD-B7B8-EEAF574C2BCB}.Release|x86.Build.0 = Release|Win32
	EndGlobalSection
	GlobalSection(SolutionProperties) = preSolution
		HideSolutionNode = FALSE
	EndGlobalSection
	GlobalSection(ExtensibilityGlobals) = postSolution
		SolutionGuid = {0C903A33-1894-44C0-AA9B-1A0AF7C708B8}
	EndGlobalSection
EndGlobal
