<?xml version="1.0" encoding="utf-8"?>
<Project ToolsVersion="4.0" xmlns="http://schemas.microsoft.com/developer/msbuild/2003">
  <ItemGroup>
    <Filter Include="internal">
      <UniqueIdentifier>{aadecf74-079a-49cb-86b6-219ea7545e98}</UniqueIdentifier>
    </Filter>
  </ItemGroup>
  <ItemGroup>
    <ClCompile Include="application.cpp">
      <Filter>internal</Filter>
    </ClCompile>
  </ItemGroup>
</Project>